
Microsoft Visual Studio Solution File, Format Version 12.00
# Visual Studio Version 17
VisualStudioVersion = 17.3.32901.215
MinimumVisualStudioVersion = 10.0.40219.1
Project("{FAE04EC0-301F-11D3-BF4B-00C04F79EFBC}") = "githubapp", "githubapp\githubapp.csproj", "{AB09B794-33CE-4C00-9590-55D3BFD4438C}"
EndProject
Global
	GlobalSection(SolutionConfigurationPlatforms) = preSolution
		Debug|Any CPU = Debug|Any CPU
		Release|Any CPU = Release|Any CPU
	EndGlobalSection
	GlobalSection(ProjectConfigurationPlatforms) = postSolution
		{AB09B794-33CE-4C00-9590-55D3BFD4438C}.Debug|Any CPU.ActiveCfg = Debug|Any CPU
		{AB09B794-33CE-4C00-9590-55D3BFD4438C}.Debug|Any CPU.Build.0 = Debug|Any CPU
		{AB09B794-33CE-4C00-9590-55D3BFD4438C}.Release|Any CPU.ActiveCfg = Release|Any CPU
		{AB09B794-33CE-4C00-9590-55D3BFD4438C}.Release|Any CPU.Build.0 = Release|Any CPU
	EndGlobalSection
	GlobalSection(SolutionProperties) = preSolution
		HideSolutionNode = FALSE
	EndGlobalSection
	GlobalSection(ExtensibilityGlobals) = postSolution
		SolutionGuid = {5D407C59-3876-4CC7-B542-16496D8A4621}
	EndGlobalSection
EndGlobal
